
Microsoft Visual Studio Solution File, Format Version 12.00
# Visual Studio Version 16
VisualStudioVersion = 16.0.32510.428
MinimumVisualStudioVersion = 10.0.40219.1
Project("{FAE04EC0-301F-11D3-BF4B-00C04F79EFBC}") = "Ex04.Menus.Interfaces", "Ex04.Menus.Interfaces\Ex04.Menus.Interfaces.csproj", "{062A46AD-E8BC-4D1E-B3E0-82993470A8D1}"
EndProject
Project("{FAE04EC0-301F-11D3-BF4B-00C04F79EFBC}") = "Ex04.Menus.Delegates", "Ex04.Menus.Delegates\Ex04.Menus.Delegates.csproj", "{66FDC6CA-6237-41E5-9E88-ECF158416273}"
EndProject
Project("{FAE04EC0-301F-11D3-BF4B-00C04F79EFBC}") = "Ex04.Menus.Test", "Ex04.Menus.Test\Ex04.Menus.Test.csproj", "{D111A24D-EE7D-4231-BFDE-243711A4726B}"
EndProject
Global
	GlobalSection(SolutionConfigurationPlatforms) = preSolution
		Debug|Any CPU = Debug|Any CPU
		Release|Any CPU = Release|Any CPU
	EndGlobalSection
	GlobalSection(ProjectConfigurationPlatforms) = postSolution
		{062A46AD-E8BC-4D1E-B3E0-82993470A8D1}.Debug|Any CPU.ActiveCfg = Debug|Any CPU
		{062A46AD-E8BC-4D1E-B3E0-82993470A8D1}.Debug|Any CPU.Build.0 = Debug|Any CPU
		{062A46AD-E8BC-4D1E-B3E0-82993470A8D1}.Release|Any CPU.ActiveCfg = Release|Any CPU
		{062A46AD-E8BC-4D1E-B3E0-82993470A8D1}.Release|Any CPU.Build.0 = Release|Any CPU
		{66FDC6CA-6237-41E5-9E88-ECF158416273}.Debug|Any CPU.ActiveCfg = Debug|Any CPU
		{66FDC6CA-6237-41E5-9E88-ECF158416273}.Debug|Any CPU.Build.0 = Debug|Any CPU
		{66FDC6CA-6237-41E5-9E88-ECF158416273}.Release|Any CPU.ActiveCfg = Release|Any CPU
		{66FDC6CA-6237-41E5-9E88-ECF158416273}.Release|Any CPU.Build.0 = Release|Any CPU
		{D111A24D-EE7D-4231-BFDE-243711A4726B}.Debug|Any CPU.ActiveCfg = Debug|Any CPU
		{D111A24D-EE7D-4231-BFDE-243711A4726B}.Debug|Any CPU.Build.0 = Debug|Any CPU
		{D111A24D-EE7D-4231-BFDE-243711A4726B}.Release|Any CPU.ActiveCfg = Release|Any CPU
		{D111A24D-EE7D-4231-BFDE-243711A4726B}.Release|Any CPU.Build.0 = Release|Any CPU
	EndGlobalSection
	GlobalSection(SolutionProperties) = preSolution
		HideSolutionNode = FALSE
	EndGlobalSection
	GlobalSection(ExtensibilityGlobals) = postSolution
		SolutionGuid = {52B049CF-70E3-48B6-9D19-8B453E58F219}
	EndGlobalSection
EndGlobal
